
Microsoft Visual Studio Solution File, Format Version 12.00
# Visual Studio Version 17
VisualStudioVersion = 17.4.33122.133
MinimumVisualStudioVersion = 10.0.40219.1
Project("{FAE04EC0-301F-11D3-BF4B-00C04F79EFBC}") = "MuteMEe", "MuteMEe.csproj", "{EC69BC69-5F63-47C1-BB23-C656EC4A28B2}"
EndProject
Global
	GlobalSection(SolutionConfigurationPlatforms) = preSolution
		Debug|Any CPU = Debug|Any CPU
		Release|Any CPU = Release|Any CPU
	EndGlobalSection
	GlobalSection(ProjectConfigurationPlatforms) = postSolution
		{EC69BC69-5F63-47C1-BB23-C656EC4A28B2}.Debug|Any CPU.ActiveCfg = Debug|Any CPU
		{EC69BC69-5F63-47C1-BB23-C656EC4A28B2}.Debug|Any CPU.Build.0 = Debug|Any CPU
		{EC69BC69-5F63-47C1-BB23-C656EC4A28B2}.Release|Any CPU.ActiveCfg = Release|Any CPU
		{EC69BC69-5F63-47C1-BB23-C656EC4A28B2}.Release|Any CPU.Build.0 = Release|Any CPU
	EndGlobalSection
	GlobalSection(SolutionProperties) = preSolution
		HideSolutionNode = FALSE
	EndGlobalSection
	GlobalSection(ExtensibilityGlobals) = postSolution
		SolutionGuid = {E87AEB5C-9F5E-47BE-8AE3-9AB0989128A3}
	EndGlobalSection
EndGlobal
